
Microsoft Visual Studio Solution File, Format Version 12.00
# Visual Studio 15
VisualStudioVersion = 15.0.28307.489
MinimumVisualStudioVersion = 10.0.40219.1
Project("{FAE04EC0-301F-11D3-BF4B-00C04F79EFBC}") = "Bleatingsheep.DynamicDnsPod", "Bleatingsheep.DynamicDnsPod\Bleatingsheep.DynamicDnsPod.csproj", "{1470924F-6E13-43CA-9191-41CBB4459E7F}"
EndProject
Global
	GlobalSection(SolutionConfigurationPlatforms) = preSolution
		Debug|Any CPU = Debug|Any CPU
		Release|Any CPU = Release|Any CPU
	EndGlobalSection
	GlobalSection(ProjectConfigurationPlatforms) = postSolution
		{1470924F-6E13-43CA-9191-41CBB4459E7F}.Debug|Any CPU.ActiveCfg = Debug|Any CPU
		{1470924F-6E13-43CA-9191-41CBB4459E7F}.Debug|Any CPU.Build.0 = Debug|Any CPU
		{1470924F-6E13-43CA-9191-41CBB4459E7F}.Release|Any CPU.ActiveCfg = Release|Any CPU
		{1470924F-6E13-43CA-9191-41CBB4459E7F}.Release|Any CPU.Build.0 = Release|Any CPU
	EndGlobalSection
	GlobalSection(SolutionProperties) = preSolution
		HideSolutionNode = FALSE
	EndGlobalSection
	GlobalSection(ExtensibilityGlobals) = postSolution
		SolutionGuid = {E4FB829E-DF04-4624-B522-23B01F3F318F}
	EndGlobalSection
EndGlobal
